
Microsoft Visual Studio Solution File, Format Version 12.00
# Visual Studio Version 17
VisualStudioVersion = 17.10.34928.147
MinimumVisualStudioVersion = 10.0.40219.1
Project("{9A19103F-16F7-4668-BE54-9A1E7A4F7556}") = "KimLoc_DoAn", "KimLoc_DoAn\KimLoc_DoAn.csproj", "{A377FBFA-7E4F-4BF4-B65A-8347B6207505}"
EndProject
Global
	GlobalSection(SolutionConfigurationPlatforms) = preSolution
		Debug|Any CPU = Debug|Any CPU
		Release|Any CPU = Release|Any CPU
	EndGlobalSection
	GlobalSection(ProjectConfigurationPlatforms) = postSolution
		{A377FBFA-7E4F-4BF4-B65A-8347B6207505}.Debug|Any CPU.ActiveCfg = Debug|Any CPU
		{A377FBFA-7E4F-4BF4-B65A-8347B6207505}.Debug|Any CPU.Build.0 = Debug|Any CPU
		{A377FBFA-7E4F-4BF4-B65A-8347B6207505}.Release|Any CPU.ActiveCfg = Release|Any CPU
		{A377FBFA-7E4F-4BF4-B65A-8347B6207505}.Release|Any CPU.Build.0 = Release|Any CPU
	EndGlobalSection
	GlobalSection(SolutionProperties) = preSolution
		HideSolutionNode = FALSE
	EndGlobalSection
	GlobalSection(ExtensibilityGlobals) = postSolution
		SolutionGuid = {3DA5AD0B-2483-433E-AD65-9A78DEEDC407}
	EndGlobalSection
EndGlobal
